
Microsoft Visual Studio Solution File, Format Version 12.00
# Visual Studio 14
VisualStudioVersion = 14.0.25420.1
MinimumVisualStudioVersion = 10.0.40219.1
Project("{FAE04EC0-301F-11D3-BF4B-00C04F79EFBC}") = "DatabaseInteractionWebApi", "DatabaseInteractionWebApi\DatabaseInteractionWebApi.csproj", "{1E399B51-25B3-4DC5-8E65-C7FB426A243C}"
EndProject
Project("{FAE04EC0-301F-11D3-BF4B-00C04F79EFBC}") = "DatabaseAccessLayer", "DatabaseAccessLayer\DatabaseAccessLayer.csproj", "{73A3FC22-3439-476A-8966-2F7E14E27A07}"
EndProject
Global
	GlobalSection(SolutionConfigurationPlatforms) = preSolution
		Debug|Any CPU = Debug|Any CPU
		Release|Any CPU = Release|Any CPU
	EndGlobalSection
	GlobalSection(ProjectConfigurationPlatforms) = postSolution
		{1E399B51-25B3-4DC5-8E65-C7FB426A243C}.Debug|Any CPU.ActiveCfg = Debug|Any CPU
		{1E399B51-25B3-4DC5-8E65-C7FB426A243C}.Debug|Any CPU.Build.0 = Debug|Any CPU
		{1E399B51-25B3-4DC5-8E65-C7FB426A243C}.Release|Any CPU.ActiveCfg = Release|Any CPU
		{1E399B51-25B3-4DC5-8E65-C7FB426A243C}.Release|Any CPU.Build.0 = Release|Any CPU
		{73A3FC22-3439-476A-8966-2F7E14E27A07}.Debug|Any CPU.ActiveCfg = Debug|Any CPU
		{73A3FC22-3439-476A-8966-2F7E14E27A07}.Debug|Any CPU.Build.0 = Debug|Any CPU
		{73A3FC22-3439-476A-8966-2F7E14E27A07}.Release|Any CPU.ActiveCfg = Release|Any CPU
		{73A3FC22-3439-476A-8966-2F7E14E27A07}.Release|Any CPU.Build.0 = Release|Any CPU
	EndGlobalSection
	GlobalSection(SolutionProperties) = preSolution
		HideSolutionNode = FALSE
	EndGlobalSection
EndGlobal
